{
  "version": 4,
  "terraform_version": "1.2.8",
  "serial": 73,
  "lineage": "f8eae57e-7594-78d2-4a1d-3c325634bb59",
  "outputs": {
    "cluster_endpoint": {
      "value": "https://7F59017E67C9870A9E08FF1BA55C1E18.sk1.us-west-2.eks.amazonaws.com",
      "type": "string"
    },
    "cluster_id": {
      "value": "eks-project-5Znrp",
      "type": "string"
    },
    "cluster_name": {
      "value": "eks-project-5Znrp",
      "type": "string"
    }
  },
  "resources": [
    {
      "mode": "data",
      "type": "aws_eks_cluster",
      "name": "cluster",
      "provider": "provider[\"registry.terraform.io/hashicorp/aws\"]",
      "instances": [
        {
          "schema_version": 0,
          "attributes": {
            "arn": "arn:aws:eks:us-west-2:453755074041:cluster/eks-project-5Znrp",
            "certificate_authority": [
              {
                "data": "LS0tLS1CRUdJTiBDRVJUSUZJQ0FURS0tLS0tCk1JSUMvakNDQWVhZ0F3SUJBZ0lCQURBTkJna3Foa2lHOXcwQkFRc0ZBREFWTVJNd0VRWURWUVFERXdwcmRXSmwKY201bGRHVnpNQjRYRFRJeU1Ea3dOREF5TWpjeU9Gb1hEVE15TURrd01UQXlNamN5T0Zvd0ZURVRNQkVHQTFVRQpBeE1LYTNWaVpYSnVaWFJsY3pDQ0FTSXdEUVlKS29aSWh2Y05BUUVCQlFBRGdnRVBBRENDQVFvQ2dnRUJBTmplCkRGODAwbkVqLzRTQjZGTHFNRURvNnZUSFF2QTl1NFVRTkZKS2Z0TjNaNUNUUCsvMlZOamp0OWFaUlBROEpiWE0KNGxsdXNRbCtVeW56MXpOMGZrTXNHR2hYV3pVWUo2R28zVjdqb0FuSnFNNjIyWW1TdjZPcms0RkkyRk4wbk5CcwpRbVVHSkJNSkhzYkNROWUxZmJhMytFNFQzZ1dVRXRnTXRSVEk3M1RCVEZOWHQ2TzFmdFVySjBBeXdLdmlKNTlOCjBVamxqRHZqZ1RlNlRVenY5SEROY1haaXZhajJFNWpmU0l4ZEFqalVnVXdWdEZJYXE3RXdKUzNnMi9Qa0pydW0KT2RQQ3UxYUdGbXFaUnFjZWJyWGZkZjNQUXpUY0h0UUZzbFV0ZVU2ZGxEZFNuS0pXb28zNzRPVGwyVjRMM0xLbwpkYkNTMGpUOWNCUHZ2RDJUWFBjQ0F3RUFBYU5aTUZjd0RnWURWUjBQQVFIL0JBUURBZ0trTUE4R0ExVWRFd0VCCi93UUZNQU1CQWY4d0hRWURWUjBPQkJZRUZLMlppaW8rM3gzcUFvcE9QR1ozUEQyZ3J6d1RNQlVHQTFVZEVRUU8KTUF5Q0NtdDFZbVZ5Ym1WMFpYTXdEUVlKS29aSWh2Y05BUUVMQlFBRGdnRUJBR2R0MXZWdDRuR2RDY01WNkdnLwpuVEEyTXA0NHBXN3F2WUhmMjZMbkFzYXdBOS9tUHdrQ1hMZktDMkJCTW83c0NmM3p2d1Z0OUVHZVpZMlkvdGJMCk1PeWl4WjRndTBjK1NrajNYTndzc2NmSVh0bllDRU50ZGE2T0JOVkFsUTRMRWRPcDI5RS95MDJLc1VrWDYwTVQKTCtSdVVTT3kxVmhGNTY0TEhrMElyQmtnMmhndlZkRnYrN1ZKblJTSEk2WlowSkxDNWdEMnA2VXZCRlhScUoyaApCSmNoNTVwMStOWmpiUmc1U05CMmtad3FaU2FRRGl1OTFFd01BbFVHOWpBOW5BYkMzWEZtU2Z2cStRd2tTYWVRCkJaSkd4R1JzYlVMM2xCZ2RmNWtPdkdDZTY5Qk5ZTjY3VG5BQnJxL1NOZFNaaDRCbGFSOFZHWElqYjVBRXFyYUkKR013PQotLS0tLUVORCBDRVJUSUZJQ0FURS0tLS0tCg=="
              }
            ],
            "created_at": "2022-09-04 02:20:59.68 +0000 UTC",
            "enabled_cluster_log_types": [],
            "endpoint": "https://7F59017E67C9870A9E08FF1BA55C1E18.sk1.us-west-2.eks.amazonaws.com",
            "id": "eks-project-5Znrp",
            "identity": [
              {
                "oidc": [
                  {
                    "issuer": "https://oidc.eks.us-west-2.amazonaws.com/id/7F59017E67C9870A9E08FF1BA55C1E18"
                  }
                ]
              }
            ],
            "kubernetes_network_config": [
              {
                "ip_family": "ipv4",
                "service_ipv4_cidr": "172.20.0.0/16"
              }
            ],
            "name": "eks-project-5Znrp",
            "platform_version": "eks.5",
            "role_arn": "arn:aws:iam::453755074041:role/eks-cluster-project",
            "status": "ACTIVE",
            "tags": {},
            "version": "1.22",
            "vpc_config": [
              {
                "cluster_security_group_id": "sg-027457240f7c78fe9",
                "endpoint_private_access": false,
                "endpoint_public_access": true,
                "public_access_cidrs": [
                  "0.0.0.0/0"
                ],
                "security_group_ids": [
                  "sg-0710292f751eb6b50"
                ],
                "subnet_ids": [
                  "subnet-01507d66d5c101dae",
                  "subnet-0eb84dd4fbf0c9006"
                ],
                "vpc_id": "vpc-08a0c8a5cf99e6d07"
              }
            ]
          },
          "sensitive_attributes": []
        }
      ]
    },
    {
      "mode": "data",
      "type": "aws_eks_cluster_auth",
      "name": "cluster",
      "provider": "provider[\"registry.terraform.io/hashicorp/aws\"]",
      "instances": [
        {
          "schema_version": 0,
          "attributes": {
            "id": "eks-project-5Znrp",
            "name": "eks-project-5Znrp",
            "token": "k8s-aws-v1.aHR0cHM6Ly9zdHMuYW1hem9uYXdzLmNvbS8_QWN0aW9uPUdldENhbGxlcklkZW50aXR5JlZlcnNpb249MjAxMS0wNi0xNSZYLUFtei1BbGdvcml0aG09QVdTNC1ITUFDLVNIQTI1NiZYLUFtei1DcmVkZW50aWFsPUFLSUFXVEpQSTZYNFQyRFdIWDJGJTJGMjAyMjA5MDQlMkZ1cy1lYXN0LTElMkZzdHMlMkZhd3M0X3JlcXVlc3QmWC1BbXotRGF0ZT0yMDIyMDkwNFQwMjMxMTNaJlgtQW16LUV4cGlyZXM9MCZYLUFtei1TaWduZWRIZWFkZXJzPWhvc3QlM0J4LWs4cy1hd3MtaWQmWC1BbXotU2lnbmF0dXJlPTJmYmZlMzNhMjJkMmY4YmY3ZTNhNjYzM2QyZTYzZDQ2ZDc4MTI4NTMwMGM4YjNkNjg1NWQyYjYzYmZmOTNjNjI"
          },
          "sensitive_attributes": []
        }
      ]
    },
    {
      "mode": "managed",
      "type": "random_string",
      "name": "suffix",
      "provider": "provider[\"registry.terraform.io/hashicorp/random\"]",
      "instances": [
        {
          "schema_version": 2,
          "attributes": {
            "id": "5Znrp",
            "keepers": null,
            "length": 5,
            "lower": true,
            "min_lower": 0,
            "min_numeric": 0,
            "min_special": 0,
            "min_upper": 0,
            "number": true,
            "numeric": true,
            "override_special": "",
            "result": "5Znrp",
            "special": false,
            "upper": true
          },
          "sensitive_attributes": []
        }
      ]
    },
    {
      "module": "module.eks",
      "mode": "managed",
      "type": "aws_eks_cluster",
      "name": "eks-cluster-project",
      "provider": "provider[\"registry.terraform.io/hashicorp/aws\"]",
      "instances": [
        {
          "schema_version": 0,
          "attributes": {
            "arn": "arn:aws:eks:us-west-2:453755074041:cluster/eks-project-5Znrp",
            "certificate_authority": [
              {
                "data": "LS0tLS1CRUdJTiBDRVJUSUZJQ0FURS0tLS0tCk1JSUMvakNDQWVhZ0F3SUJBZ0lCQURBTkJna3Foa2lHOXcwQkFRc0ZBREFWTVJNd0VRWURWUVFERXdwcmRXSmwKY201bGRHVnpNQjRYRFRJeU1Ea3dOREF5TWpjeU9Gb1hEVE15TURrd01UQXlNamN5T0Zvd0ZURVRNQkVHQTFVRQpBeE1LYTNWaVpYSnVaWFJsY3pDQ0FTSXdEUVlKS29aSWh2Y05BUUVCQlFBRGdnRVBBRENDQVFvQ2dnRUJBTmplCkRGODAwbkVqLzRTQjZGTHFNRURvNnZUSFF2QTl1NFVRTkZKS2Z0TjNaNUNUUCsvMlZOamp0OWFaUlBROEpiWE0KNGxsdXNRbCtVeW56MXpOMGZrTXNHR2hYV3pVWUo2R28zVjdqb0FuSnFNNjIyWW1TdjZPcms0RkkyRk4wbk5CcwpRbVVHSkJNSkhzYkNROWUxZmJhMytFNFQzZ1dVRXRnTXRSVEk3M1RCVEZOWHQ2TzFmdFVySjBBeXdLdmlKNTlOCjBVamxqRHZqZ1RlNlRVenY5SEROY1haaXZhajJFNWpmU0l4ZEFqalVnVXdWdEZJYXE3RXdKUzNnMi9Qa0pydW0KT2RQQ3UxYUdGbXFaUnFjZWJyWGZkZjNQUXpUY0h0UUZzbFV0ZVU2ZGxEZFNuS0pXb28zNzRPVGwyVjRMM0xLbwpkYkNTMGpUOWNCUHZ2RDJUWFBjQ0F3RUFBYU5aTUZjd0RnWURWUjBQQVFIL0JBUURBZ0trTUE4R0ExVWRFd0VCCi93UUZNQU1CQWY4d0hRWURWUjBPQkJZRUZLMlppaW8rM3gzcUFvcE9QR1ozUEQyZ3J6d1RNQlVHQTFVZEVRUU8KTUF5Q0NtdDFZbVZ5Ym1WMFpYTXdEUVlKS29aSWh2Y05BUUVMQlFBRGdnRUJBR2R0MXZWdDRuR2RDY01WNkdnLwpuVEEyTXA0NHBXN3F2WUhmMjZMbkFzYXdBOS9tUHdrQ1hMZktDMkJCTW83c0NmM3p2d1Z0OUVHZVpZMlkvdGJMCk1PeWl4WjRndTBjK1NrajNYTndzc2NmSVh0bllDRU50ZGE2T0JOVkFsUTRMRWRPcDI5RS95MDJLc1VrWDYwTVQKTCtSdVVTT3kxVmhGNTY0TEhrMElyQmtnMmhndlZkRnYrN1ZKblJTSEk2WlowSkxDNWdEMnA2VXZCRlhScUoyaApCSmNoNTVwMStOWmpiUmc1U05CMmtad3FaU2FRRGl1OTFFd01BbFVHOWpBOW5BYkMzWEZtU2Z2cStRd2tTYWVRCkJaSkd4R1JzYlVMM2xCZ2RmNWtPdkdDZTY5Qk5ZTjY3VG5BQnJxL1NOZFNaaDRCbGFSOFZHWElqYjVBRXFyYUkKR013PQotLS0tLUVORCBDRVJUSUZJQ0FURS0tLS0tCg=="
              }
            ],
            "created_at": "2022-09-04 02:20:59.68 +0000 UTC",
            "enabled_cluster_log_types": null,
            "encryption_config": [],
            "endpoint": "https://7F59017E67C9870A9E08FF1BA55C1E18.sk1.us-west-2.eks.amazonaws.com",
            "id": "eks-project-5Znrp",
            "identity": [
              {
                "oidc": [
                  {
                    "issuer": "https://oidc.eks.us-west-2.amazonaws.com/id/7F59017E67C9870A9E08FF1BA55C1E18"
                  }
                ]
              }
            ],
            "kubernetes_network_config": [
              {
                "ip_family": "ipv4",
                "service_ipv4_cidr": "172.20.0.0/16"
              }
            ],
            "name": "eks-project-5Znrp",
            "platform_version": "eks.5",
            "role_arn": "arn:aws:iam::453755074041:role/eks-cluster-project",
            "status": "ACTIVE",
            "tags": null,
            "tags_all": {},
            "timeouts": null,
            "version": "1.22",
            "vpc_config": [
              {
                "cluster_security_group_id": "sg-027457240f7c78fe9",
                "endpoint_private_access": false,
                "endpoint_public_access": true,
                "public_access_cidrs": [
                  "0.0.0.0/0"
                ],
                "security_group_ids": [
                  "sg-0710292f751eb6b50"
                ],
                "subnet_ids": [
                  "subnet-01507d66d5c101dae",
                  "subnet-0eb84dd4fbf0c9006"
                ],
                "vpc_id": "vpc-08a0c8a5cf99e6d07"
              }
            ]
          },
          "sensitive_attributes": [],
          "private": "eyJlMmJmYjczMC1lY2FhLTExZTYtOGY4OC0zNDM2M2JjN2M0YzAiOnsiY3JlYXRlIjoxODAwMDAwMDAwMDAwLCJkZWxldGUiOjkwMDAwMDAwMDAwMCwidXBkYXRlIjozNjAwMDAwMDAwMDAwfX0=",
          "dependencies": [
            "module.eks.aws_iam_role.project",
            "module.eks.aws_iam_role_policy_attachment.project-AmazonEKSClusterPolicy",
            "module.eks.aws_iam_role_policy_attachment.project-AmazonEKSVPCResourceController",
            "module.eks.aws_security_group.node_group_one",
            "module.vpc.aws_subnet.public_project_subnet",
            "module.vpc.aws_vpc.eks-project",
            "module.vpc.data.aws_availability_zones.available",
            "module.vpc.random_shuffle.az_list",
            "random_string.suffix"
          ]
        }
      ]
    },
    {
      "module": "module.eks",
      "mode": "managed",
      "type": "aws_eks_node_group",
      "name": "project",
      "provider": "provider[\"registry.terraform.io/hashicorp/aws\"]",
      "instances": [
        {
          "schema_version": 0,
          "attributes": {
            "ami_type": "AL2_x86_64",
            "arn": "arn:aws:eks:us-west-2:453755074041:nodegroup/eks-project-5Znrp/eks-project/32c1832b-3b9c-d61f-c4a4-d396941a7a53",
            "capacity_type": "ON_DEMAND",
            "cluster_name": "eks-project-5Znrp",
            "disk_size": 20,
            "force_update_version": null,
            "id": "eks-project-5Znrp:eks-project",
            "instance_types": [
              "t3.small"
            ],
            "labels": null,
            "launch_template": [],
            "node_group_name": "eks-project",
            "node_group_name_prefix": "",
            "node_role_arn": "arn:aws:iam::453755074041:role/eks-node-group-project2",
            "release_version": "1.22.12-20220824",
            "remote_access": [
              {
                "ec2_ssh_key": "eks-kp",
                "source_security_group_ids": [
                  "sg-0710292f751eb6b50"
                ]
              }
            ],
            "resources": [
              {
                "autoscaling_groups": [
                  {
                    "name": "eks-eks-project-32c1832b-3b9c-d61f-c4a4-d396941a7a53"
                  }
                ],
                "remote_access_security_group_id": "sg-01b27e794304cbb07"
              }
            ],
            "scaling_config": [
              {
                "desired_size": 2,
                "max_size": 2,
                "min_size": 2
              }
            ],
            "status": "ACTIVE",
            "subnet_ids": [
              "subnet-01507d66d5c101dae",
              "subnet-0eb84dd4fbf0c9006"
            ],
            "tags": null,
            "tags_all": {},
            "taint": [],
            "timeouts": null,
            "update_config": [
              {
                "max_unavailable": 1,
                "max_unavailable_percentage": 0
              }
            ],
            "version": "1.22"
          },
          "sensitive_attributes": [],
          "private": "eyJlMmJmYjczMC1lY2FhLTExZTYtOGY4OC0zNDM2M2JjN2M0YzAiOnsiY3JlYXRlIjozNjAwMDAwMDAwMDAwLCJkZWxldGUiOjM2MDAwMDAwMDAwMDAsInVwZGF0ZSI6MzYwMDAwMDAwMDAwMH19",
          "dependencies": [
            "module.eks.aws_eks_cluster.eks-cluster-project",
            "module.eks.aws_iam_role.project",
            "module.eks.aws_iam_role.project2",
            "module.eks.aws_iam_role_policy_attachment.project-AmazonEC2ContainerRegistryReadOnly",
            "module.eks.aws_iam_role_policy_attachment.project-AmazonEKSClusterPolicy",
            "module.eks.aws_iam_role_policy_attachment.project-AmazonEKSVPCResourceController",
            "module.eks.aws_iam_role_policy_attachment.project-AmazonEKSWorkerNodePolicy",
            "module.eks.aws_iam_role_policy_attachment.project-AmazonEKS_CNI_Policy",
            "module.eks.aws_security_group.node_group_one",
            "module.vpc.aws_subnet.public_project_subnet",
            "module.vpc.aws_vpc.eks-project",
            "module.vpc.data.aws_availability_zones.available",
            "module.vpc.random_shuffle.az_list",
            "random_string.suffix"
          ]
        }
      ]
    },
    {
      "module": "module.eks",
      "mode": "managed",
      "type": "aws_iam_role",
      "name": "project",
      "provider": "provider[\"registry.terraform.io/hashicorp/aws\"]",
      "instances": [
        {
          "schema_version": 0,
          "attributes": {
            "arn": "arn:aws:iam::453755074041:role/eks-cluster-project",
            "assume_role_policy": "{\"Version\":\"2012-10-17\",\"Statement\":[{\"Effect\":\"Allow\",\"Principal\":{\"Service\":\"eks.amazonaws.com\"},\"Action\":\"sts:AssumeRole\"}]}",
            "create_date": "2022-09-04T02:20:45Z",
            "description": "",
            "force_detach_policies": false,
            "id": "eks-cluster-project",
            "inline_policy": [
              {
                "name": "",
                "policy": ""
              }
            ],
            "managed_policy_arns": [],
            "max_session_duration": 3600,
            "name": "eks-cluster-project",
            "name_prefix": "",
            "path": "/",
            "permissions_boundary": null,
            "tags": null,
            "tags_all": {},
            "unique_id": "AROAWTJPI6X473MDBHY7Q"
          },
          "sensitive_attributes": [],
          "private": "bnVsbA=="
        }
      ]
    },
    {
      "module": "module.eks",
      "mode": "managed",
      "type": "aws_iam_role",
      "name": "project2",
      "provider": "provider[\"registry.terraform.io/hashicorp/aws\"]",
      "instances": [
        {
          "schema_version": 0,
          "attributes": {
            "arn": "arn:aws:iam::453755074041:role/eks-node-group-project2",
            "assume_role_policy": "{\"Version\":\"2012-10-17\",\"Statement\":[{\"Effect\":\"Allow\",\"Principal\":{\"Service\":\"ec2.amazonaws.com\"},\"Action\":\"sts:AssumeRole\"}]}",
            "create_date": "2022-09-04T02:20:45Z",
            "description": "",
            "force_detach_policies": false,
            "id": "eks-node-group-project2",
            "inline_policy": [
              {
                "name": "",
                "policy": ""
              }
            ],
            "managed_policy_arns": [],
            "max_session_duration": 3600,
            "name": "eks-node-group-project2",
            "name_prefix": "",
            "path": "/",
            "permissions_boundary": null,
            "tags": null,
            "tags_all": {},
            "unique_id": "AROAWTJPI6X42RJI2YYP3"
          },
          "sensitive_attributes": [],
          "private": "bnVsbA=="
        }
      ]
    },
    {
      "module": "module.eks",
      "mode": "managed",
      "type": "aws_iam_role_policy_attachment",
      "name": "project-AmazonEC2ContainerRegistryReadOnly",
      "provider": "provider[\"registry.terraform.io/hashicorp/aws\"]",
      "instances": [
        {
          "schema_version": 0,
          "attributes": {
            "id": "eks-node-group-project2-20220904022046002000000005",
            "policy_arn": "arn:aws:iam::aws:policy/AmazonEC2ContainerRegistryReadOnly",
            "role": "eks-node-group-project2"
          },
          "sensitive_attributes": [],
          "private": "bnVsbA==",
          "dependencies": [
            "module.eks.aws_iam_role.project2"
          ]
        }
      ]
    },
    {
      "module": "module.eks",
      "mode": "managed",
      "type": "aws_iam_role_policy_attachment",
      "name": "project-AmazonEKSClusterPolicy",
      "provider": "provider[\"registry.terraform.io/hashicorp/aws\"]",
      "instances": [
        {
          "schema_version": 0,
          "attributes": {
            "id": "eks-cluster-project-20220904022045977700000001",
            "policy_arn": "arn:aws:iam::aws:policy/AmazonEKSClusterPolicy",
            "role": "eks-cluster-project"
          },
          "sensitive_attributes": [],
          "private": "bnVsbA==",
          "dependencies": [
            "module.eks.aws_iam_role.project"
          ]
        }
      ]
    },
    {
      "module": "module.eks",
      "mode": "managed",
      "type": "aws_iam_role_policy_attachment",
      "name": "project-AmazonEKSVPCResourceController",
      "provider": "provider[\"registry.terraform.io/hashicorp/aws\"]",
      "instances": [
        {
          "schema_version": 0,
          "attributes": {
            "id": "eks-cluster-project-20220904022045978600000002",
            "policy_arn": "arn:aws:iam::aws:policy/AmazonEKSVPCResourceController",
            "role": "eks-cluster-project"
          },
          "sensitive_attributes": [],
          "private": "bnVsbA==",
          "dependencies": [
            "module.eks.aws_iam_role.project"
          ]
        }
      ]
    },
    {
      "module": "module.eks",
      "mode": "managed",
      "type": "aws_iam_role_policy_attachment",
      "name": "project-AmazonEKSWorkerNodePolicy",
      "provider": "provider[\"registry.terraform.io/hashicorp/aws\"]",
      "instances": [
        {
          "schema_version": 0,
          "attributes": {
            "id": "eks-node-group-project2-20220904022045997800000004",
            "policy_arn": "arn:aws:iam::aws:policy/AmazonEKSWorkerNodePolicy",
            "role": "eks-node-group-project2"
          },
          "sensitive_attributes": [],
          "private": "bnVsbA==",
          "dependencies": [
            "module.eks.aws_iam_role.project2"
          ]
        }
      ]
    },
    {
      "module": "module.eks",
      "mode": "managed",
      "type": "aws_iam_role_policy_attachment",
      "name": "project-AmazonEKS_CNI_Policy",
      "provider": "provider[\"registry.terraform.io/hashicorp/aws\"]",
      "instances": [
        {
          "schema_version": 0,
          "attributes": {
            "id": "eks-node-group-project2-20220904022045996900000003",
            "policy_arn": "arn:aws:iam::aws:policy/AmazonEKS_CNI_Policy",
            "role": "eks-node-group-project2"
          },
          "sensitive_attributes": [],
          "private": "bnVsbA==",
          "dependencies": [
            "module.eks.aws_iam_role.project2"
          ]
        }
      ]
    },
    {
      "module": "module.eks",
      "mode": "managed",
      "type": "aws_security_group",
      "name": "node_group_one",
      "provider": "provider[\"registry.terraform.io/hashicorp/aws\"]",
      "instances": [
        {
          "schema_version": 1,
          "attributes": {
            "arn": "arn:aws:ec2:us-west-2:453755074041:security-group/sg-0710292f751eb6b50",
            "description": "Managed by Terraform",
            "egress": [
              {
                "cidr_blocks": [
                  "0.0.0.0/0"
                ],
                "description": "",
                "from_port": 0,
                "ipv6_cidr_blocks": [],
                "prefix_list_ids": [],
                "protocol": "-1",
                "security_groups": [],
                "self": false,
                "to_port": 0
              }
            ],
            "id": "sg-0710292f751eb6b50",
            "ingress": [
              {
                "cidr_blocks": [
                  "0.0.0.0/0"
                ],
                "description": "",
                "from_port": 80,
                "ipv6_cidr_blocks": [],
                "prefix_list_ids": [],
                "protocol": "tcp",
                "security_groups": [],
                "self": false,
                "to_port": 80
              }
            ],
            "name": "node_group_one20220904022046974300000006",
            "name_prefix": "node_group_one",
            "owner_id": "453755074041",
            "revoke_rules_on_delete": false,
            "tags": null,
            "tags_all": {},
            "timeouts": null,
            "vpc_id": "vpc-08a0c8a5cf99e6d07"
          },
          "sensitive_attributes": [],
          "private": "eyJlMmJmYjczMC1lY2FhLTExZTYtOGY4OC0zNDM2M2JjN2M0YzAiOnsiY3JlYXRlIjo2MDAwMDAwMDAwMDAsImRlbGV0ZSI6OTAwMDAwMDAwMDAwfSwic2NoZW1hX3ZlcnNpb24iOiIxIn0=",
          "dependencies": [
            "module.vpc.aws_vpc.eks-project"
          ]
        }
      ]
    },
    {
      "module": "module.vpc",
      "mode": "data",
      "type": "aws_availability_zones",
      "name": "available",
      "provider": "provider[\"registry.terraform.io/hashicorp/aws\"]",
      "instances": [
        {
          "schema_version": 0,
          "attributes": {
            "all_availability_zones": null,
            "exclude_names": null,
            "exclude_zone_ids": null,
            "filter": null,
            "group_names": [
              "us-west-2"
            ],
            "id": "us-west-2",
            "names": [
              "us-west-2a",
              "us-west-2b",
              "us-west-2c",
              "us-west-2d"
            ],
            "state": null,
            "zone_ids": [
              "usw2-az1",
              "usw2-az2",
              "usw2-az3",
              "usw2-az4"
            ]
          },
          "sensitive_attributes": []
        }
      ]
    },
    {
      "module": "module.vpc",
      "mode": "managed",
      "type": "aws_default_route_table",
      "name": "internal_project_default",
      "provider": "provider[\"registry.terraform.io/hashicorp/aws\"]",
      "instances": [
        {
          "schema_version": 0,
          "attributes": {
            "arn": "arn:aws:ec2:us-west-2:453755074041:route-table/rtb-0a62cb259a4a7b568",
            "default_route_table_id": "rtb-0a62cb259a4a7b568",
            "id": "rtb-0a62cb259a4a7b568",
            "owner_id": "453755074041",
            "propagating_vgws": null,
            "route": [
              {
                "cidr_block": "0.0.0.0/0",
                "core_network_arn": "",
                "destination_prefix_list_id": "",
                "egress_only_gateway_id": "",
                "gateway_id": "igw-045090854d25a738c",
                "instance_id": "",
                "ipv6_cidr_block": "",
                "nat_gateway_id": "",
                "network_interface_id": "",
                "transit_gateway_id": "",
                "vpc_endpoint_id": "",
                "vpc_peering_connection_id": ""
              }
            ],
            "tags": {
              "Name": "eks-project"
            },
            "tags_all": {
              "Name": "eks-project"
            },
            "timeouts": null,
            "vpc_id": "vpc-08a0c8a5cf99e6d07"
          },
          "sensitive_attributes": [],
          "private": "eyJlMmJmYjczMC1lY2FhLTExZTYtOGY4OC0zNDM2M2JjN2M0YzAiOnsiY3JlYXRlIjoxMjAwMDAwMDAwMDAsInVwZGF0ZSI6MTIwMDAwMDAwMDAwfX0=",
          "dependencies": [
            "module.vpc.aws_internet_gateway.project-gw",
            "module.vpc.aws_vpc.eks-project"
          ]
        }
      ]
    },
    {
      "module": "module.vpc",
      "mode": "managed",
      "type": "aws_internet_gateway",
      "name": "project-gw",
      "provider": "provider[\"registry.terraform.io/hashicorp/aws\"]",
      "instances": [
        {
          "schema_version": 0,
          "attributes": {
            "arn": "arn:aws:ec2:us-west-2:453755074041:internet-gateway/igw-045090854d25a738c",
            "id": "igw-045090854d25a738c",
            "owner_id": "453755074041",
            "tags": {
              "Name": "eks-project"
            },
            "tags_all": {
              "Name": "eks-project"
            },
            "vpc_id": "vpc-08a0c8a5cf99e6d07"
          },
          "sensitive_attributes": [],
          "private": "bnVsbA==",
          "dependencies": [
            "module.vpc.aws_vpc.eks-project"
          ]
        }
      ]
    },
    {
      "module": "module.vpc",
      "mode": "managed",
      "type": "aws_route_table_association",
      "name": "default",
      "provider": "provider[\"registry.terraform.io/hashicorp/aws\"]",
      "instances": [
        {
          "index_key": 0,
          "schema_version": 0,
          "attributes": {
            "gateway_id": "",
            "id": "rtbassoc-02e97f8606bc4ea59",
            "route_table_id": "rtb-0a62cb259a4a7b568",
            "subnet_id": "subnet-01507d66d5c101dae"
          },
          "sensitive_attributes": [],
          "private": "bnVsbA==",
          "dependencies": [
            "module.vpc.aws_default_route_table.internal_project_default",
            "module.vpc.aws_internet_gateway.project-gw",
            "module.vpc.aws_subnet.public_project_subnet",
            "module.vpc.aws_vpc.eks-project",
            "module.vpc.data.aws_availability_zones.available",
            "module.vpc.random_shuffle.az_list"
          ]
        },
        {
          "index_key": 1,
          "schema_version": 0,
          "attributes": {
            "gateway_id": "",
            "id": "rtbassoc-078ed17509875f81a",
            "route_table_id": "rtb-0a62cb259a4a7b568",
            "subnet_id": "subnet-0eb84dd4fbf0c9006"
          },
          "sensitive_attributes": [],
          "private": "bnVsbA==",
          "dependencies": [
            "module.vpc.aws_default_route_table.internal_project_default",
            "module.vpc.aws_internet_gateway.project-gw",
            "module.vpc.aws_subnet.public_project_subnet",
            "module.vpc.aws_vpc.eks-project",
            "module.vpc.data.aws_availability_zones.available",
            "module.vpc.random_shuffle.az_list"
          ]
        }
      ]
    },
    {
      "module": "module.vpc",
      "mode": "managed",
      "type": "aws_subnet",
      "name": "public_project_subnet",
      "provider": "provider[\"registry.terraform.io/hashicorp/aws\"]",
      "instances": [
        {
          "index_key": 0,
          "schema_version": 1,
          "attributes": {
            "arn": "arn:aws:ec2:us-west-2:453755074041:subnet/subnet-01507d66d5c101dae",
            "assign_ipv6_address_on_creation": false,
            "availability_zone": "us-west-2b",
            "availability_zone_id": "usw2-az2",
            "cidr_block": "10.0.1.0/24",
            "customer_owned_ipv4_pool": "",
            "enable_dns64": false,
            "enable_resource_name_dns_a_record_on_launch": false,
            "enable_resource_name_dns_aaaa_record_on_launch": false,
            "id": "subnet-01507d66d5c101dae",
            "ipv6_cidr_block": "",
            "ipv6_cidr_block_association_id": "",
            "ipv6_native": false,
            "map_customer_owned_ip_on_launch": false,
            "map_public_ip_on_launch": true,
            "outpost_arn": "",
            "owner_id": "453755074041",
            "private_dns_hostname_type_on_launch": "ip-name",
            "tags": {
              "Name": "eks-project"
            },
            "tags_all": {
              "Name": "eks-project"
            },
            "timeouts": null,
            "vpc_id": "vpc-08a0c8a5cf99e6d07"
          },
          "sensitive_attributes": [],
          "private": "eyJlMmJmYjczMC1lY2FhLTExZTYtOGY4OC0zNDM2M2JjN2M0YzAiOnsiY3JlYXRlIjo2MDAwMDAwMDAwMDAsImRlbGV0ZSI6MTIwMDAwMDAwMDAwMH0sInNjaGVtYV92ZXJzaW9uIjoiMSJ9",
          "dependencies": [
            "module.vpc.aws_vpc.eks-project",
            "module.vpc.data.aws_availability_zones.available",
            "module.vpc.random_shuffle.az_list"
          ]
        },
        {
          "index_key": 1,
          "schema_version": 1,
          "attributes": {
            "arn": "arn:aws:ec2:us-west-2:453755074041:subnet/subnet-0eb84dd4fbf0c9006",
            "assign_ipv6_address_on_creation": false,
            "availability_zone": "us-west-2c",
            "availability_zone_id": "usw2-az3",
            "cidr_block": "10.0.3.0/24",
            "customer_owned_ipv4_pool": "",
            "enable_dns64": false,
            "enable_resource_name_dns_a_record_on_launch": false,
            "enable_resource_name_dns_aaaa_record_on_launch": false,
            "id": "subnet-0eb84dd4fbf0c9006",
            "ipv6_cidr_block": "",
            "ipv6_cidr_block_association_id": "",
            "ipv6_native": false,
            "map_customer_owned_ip_on_launch": false,
            "map_public_ip_on_launch": true,
            "outpost_arn": "",
            "owner_id": "453755074041",
            "private_dns_hostname_type_on_launch": "ip-name",
            "tags": {
              "Name": "eks-project"
            },
            "tags_all": {
              "Name": "eks-project"
            },
            "timeouts": null,
            "vpc_id": "vpc-08a0c8a5cf99e6d07"
          },
          "sensitive_attributes": [],
          "private": "eyJlMmJmYjczMC1lY2FhLTExZTYtOGY4OC0zNDM2M2JjN2M0YzAiOnsiY3JlYXRlIjo2MDAwMDAwMDAwMDAsImRlbGV0ZSI6MTIwMDAwMDAwMDAwMH0sInNjaGVtYV92ZXJzaW9uIjoiMSJ9",
          "dependencies": [
            "module.vpc.aws_vpc.eks-project",
            "module.vpc.data.aws_availability_zones.available",
            "module.vpc.random_shuffle.az_list"
          ]
        }
      ]
    },
    {
      "module": "module.vpc",
      "mode": "managed",
      "type": "aws_vpc",
      "name": "eks-project",
      "provider": "provider[\"registry.terraform.io/hashicorp/aws\"]",
      "instances": [
        {
          "schema_version": 1,
          "attributes": {
            "arn": "arn:aws:ec2:us-west-2:453755074041:vpc/vpc-08a0c8a5cf99e6d07",
            "assign_generated_ipv6_cidr_block": false,
            "cidr_block": "10.0.0.0/16",
            "default_network_acl_id": "acl-008b1a14b9fe03c64",
            "default_route_table_id": "rtb-0a62cb259a4a7b568",
            "default_security_group_id": "sg-0fbfc38b15b150b2c",
            "dhcp_options_id": "dopt-0d7df34626afddf1d",
            "enable_classiclink": false,
            "enable_classiclink_dns_support": false,
            "enable_dns_hostnames": false,
            "enable_dns_support": true,
            "id": "vpc-08a0c8a5cf99e6d07",
            "instance_tenancy": "default",
            "ipv4_ipam_pool_id": null,
            "ipv4_netmask_length": null,
            "ipv6_association_id": "",
            "ipv6_cidr_block": "",
            "ipv6_cidr_block_network_border_group": "",
            "ipv6_ipam_pool_id": "",
            "ipv6_netmask_length": 0,
            "main_route_table_id": "rtb-0a62cb259a4a7b568",
            "owner_id": "453755074041",
            "tags": {
              "Name": "eks-project"
            },
            "tags_all": {
              "Name": "eks-project"
            }
          },
          "sensitive_attributes": [],
          "private": "eyJzY2hlbWFfdmVyc2lvbiI6IjEifQ=="
        }
      ]
    },
    {
      "module": "module.vpc",
      "mode": "managed",
      "type": "random_shuffle",
      "name": "az_list",
      "provider": "provider[\"registry.terraform.io/hashicorp/random\"]",
      "instances": [
        {
          "schema_version": 0,
          "attributes": {
            "id": "-",
            "input": [
              "us-west-2a",
              "us-west-2b",
              "us-west-2c",
              "us-west-2d"
            ],
            "keepers": null,
            "result": [
              "us-west-2b",
              "us-west-2c"
            ],
            "result_count": 2,
            "seed": null
          },
          "sensitive_attributes": [],
          "dependencies": [
            "module.vpc.data.aws_availability_zones.available"
          ]
        }
      ]
    }
  ]
}
